
Microsoft Visual Studio Solution File, Format Version 12.00
# Visual Studio 15
VisualStudioVersion = 15.0.27428.2015
MinimumVisualStudioVersion = 10.0.40219.1
Project("{FAE04EC0-301F-11D3-BF4B-00C04F79EFBC}") = "BasicCalculator", "BasicCalculator\BasicCalculator.csproj", "{5DF29CF5-F6D6-44FF-AC42-447D5B9FCDC9}"
EndProject
Global
	GlobalSection(SolutionConfigurationPlatforms) = preSolution
		Debug|Any CPU = Debug|Any CPU
		Release|Any CPU = Release|Any CPU
	EndGlobalSection
	GlobalSection(ProjectConfigurationPlatforms) = postSolution
		{5DF29CF5-F6D6-44FF-AC42-447D5B9FCDC9}.Debug|Any CPU.ActiveCfg = Debug|Any CPU
		{5DF29CF5-F6D6-44FF-AC42-447D5B9FCDC9}.Debug|Any CPU.Build.0 = Debug|Any CPU
		{5DF29CF5-F6D6-44FF-AC42-447D5B9FCDC9}.Release|Any CPU.ActiveCfg = Release|Any CPU
		{5DF29CF5-F6D6-44FF-AC42-447D5B9FCDC9}.Release|Any CPU.Build.0 = Release|Any CPU
	EndGlobalSection
	GlobalSection(SolutionProperties) = preSolution
		HideSolutionNode = FALSE
	EndGlobalSection
	GlobalSection(ExtensibilityGlobals) = postSolution
		SolutionGuid = {97610D91-FCF6-4E71-987B-E421F511DD09}
	EndGlobalSection
EndGlobal
